// !$*UTF8*$!
{
	archiveVersion = 1;
	classes = {
	};
	objectVersion = 46;
	objects = {

/* Begin PBXBuildFile section */
		47D4B3A3C783B62E311C2D88 /* Pods_URJapan.framework in Frameworks */ = {isa = PBXBuildFile; fileRef = 9381816F9AE14E1BA79F2D55 /* Pods_URJapan.framework */; };
		6E0ED9281FE797B5004084CE /* URMainPageViewController.m in Sources */ = {isa = PBXBuildFile; fileRef = 6E0ED9271FE797B5004084CE /* URMainPageViewController.m */; };
		6E0ED92D1FE7ABB9004084CE /* URPhonogramViewController.m in Sources */ = {isa = PBXBuildFile; fileRef = 6E0ED92C1FE7ABB9004084CE /* URPhonogramViewController.m */; };
		6E0ED9311FE7B7C3004084CE /* URMarco.m in Sources */ = {isa = PBXBuildFile; fileRef = 6E0ED9301FE7B7C3004084CE /* URMarco.m */; };
		6EFC01FB20070DDB00D44DA4 /* URConfigHelper.m in Sources */ = {isa = PBXBuildFile; fileRef = 6EFC01FA20070DDB00D44DA4 /* URConfigHelper.m */; };
		6EFC01FE200711A200D44DA4 /* URPhonogramService.m in Sources */ = {isa = PBXBuildFile; fileRef = 6EFC01FD200711A200D44DA4 /* URPhonogramService.m */; };
		6EFC020320075A0300D44DA4 /* URPhonogramType.m in Sources */ = {isa = PBXBuildFile; fileRef = 6EFC020220075A0300D44DA4 /* URPhonogramType.m */; };
		6EFC020620075A2100D44DA4 /* URPhonogramModel.m in Sources */ = {isa = PBXBuildFile; fileRef = 6EFC020520075A2100D44DA4 /* URPhonogramModel.m */; };
		6EFC020A2007687E00D44DA4 /* NSDictionary+URUtil.m in Sources */ = {isa = PBXBuildFile; fileRef = 6EFC02092007687E00D44DA4 /* NSDictionary+URUtil.m */; };
		6EFC020F20085FA200D44DA4 /* Kana.config.geojson in Resources */ = {isa = PBXBuildFile; fileRef = 6EFC020E20085FA100D44DA4 /* Kana.config.geojson */; };
		6EFC0212200867E900D44DA4 /* URService.m in Sources */ = {isa = PBXBuildFile; fileRef = 6EFC0211200867E900D44DA4 /* URService.m */; };
		6EFC02152008926D00D44DA4 /* URSystemUtils.m in Sources */ = {isa = PBXBuildFile; fileRef = 6EFC02142008926D00D44DA4 /* URSystemUtils.m */; };
		6EFC021A2008988D00D44DA4 /* URPhonogramItemCollectionViewCell.m in Sources */ = {isa = PBXBuildFile; fileRef = 6EFC02192008988D00D44DA4 /* URPhonogramItemCollectionViewCell.m */; };
		6EFC021E2008E9FE00D44DA4 /* URPhonogramView.m in Sources */ = {isa = PBXBuildFile; fileRef = 6EFC021D2008E9FE00D44DA4 /* URPhonogramView.m */; };
		A01EE6491F69669B000E0A98 /* main.m in Sources */ = {isa = PBXBuildFile; fileRef = A01EE6481F69669B000E0A98 /* main.m */; };
		A01EE64C1F69669B000E0A98 /* AppDelegate.m in Sources */ = {isa = PBXBuildFile; fileRef = A01EE64B1F69669B000E0A98 /* AppDelegate.m */; };
		A01EE64F1F69669B000E0A98 /* ViewController.m in Sources */ = {isa = PBXBuildFile; fileRef = A01EE64E1F69669B000E0A98 /* ViewController.m */; };
		A01EE6521F69669B000E0A98 /* Main.storyboard in Resources */ = {isa = PBXBuildFile; fileRef = A01EE6501F69669B000E0A98 /* Main.storyboard */; };
		A01EE6541F69669B000E0A98 /* Assets.xcassets in Resources */ = {isa = PBXBuildFile; fileRef = A01EE6531F69669B000E0A98 /* Assets.xcassets */; };
		A01EE6571F69669B000E0A98 /* LaunchScreen.storyboard in Resources */ = {isa = PBXBuildFile; fileRef = A01EE6551F69669B000E0A98 /* LaunchScreen.storyboard */; };
		A01EE6621F69669B000E0A98 /* URJapanTests.m in Sources */ = {isa = PBXBuildFile; fileRef = A01EE6611F69669B000E0A98 /* URJapanTests.m */; };
		A05E8A171F6BCDC7009CF6EB /* URLogger.m in Sources */ = {isa = PBXBuildFile; fileRef = A05E8A161F6BCDC7009CF6EB /* URLogger.m */; };
		A05E8A1C1F6BEDCC009CF6EB /* luanch.jpg in Resources */ = {isa = PBXBuildFile; fileRef = A05E8A1B1F6BEDCC009CF6EB /* luanch.jpg */; };
		A08092161F6C3A7D007CFAE2 /* URMainViewController.m in Sources */ = {isa = PBXBuildFile; fileRef = A08092151F6C3A7D007CFAE2 /* URMainViewController.m */; };
		A080921A1F6C3AC8007CFAE2 /* URSplashView.m in Sources */ = {isa = PBXBuildFile; fileRef = A08092191F6C3AC8007CFAE2 /* URSplashView.m */; };
		A080921D1F6C3DA2007CFAE2 /* URCountDownBtn.m in Sources */ = {isa = PBXBuildFile; fileRef = A080921C1F6C3DA2007CFAE2 /* URCountDownBtn.m */; };
/* End PBXBuildFile section */

/* Begin PBXContainerItemProxy section */
		A01EE65E1F69669B000E0A98 /* PBXContainerItemProxy */ = {
			isa = PBXContainerItemProxy;
			containerPortal = A01EE63C1F69669B000E0A98 /* Project object */;
			proxyType = 1;
			remoteGlobalIDString = A01EE6431F69669B000E0A98;
			remoteInfo = URJapan;
		};
/* End PBXContainerItemProxy section */

/* Begin PBXFileReference section */
		1DFBB5F6EC1D97CA7584E8ED /* Pods-URJapan.debug.xcconfig */ = {isa = PBXFileReference; includeInIndex = 1; lastKnownFileType = text.xcconfig; name = "Pods-URJapan.debug.xcconfig"; path = "Pods/Target Support Files/Pods-URJapan/Pods-URJapan.debug.xcconfig"; sourceTree = "<group>"; };
		6E0ED9261FE797B5004084CE /* URMainPageViewController.h */ = {isa = PBXFileReference; lastKnownFileType = sourcecode.c.h; path = URMainPageViewController.h; sourceTree = "<group>"; };
		6E0ED9271FE797B5004084CE /* URMainPageViewController.m */ = {isa = PBXFileReference; lastKnownFileType = sourcecode.c.objc; path = URMainPageViewController.m; sourceTree = "<group>"; };
		6E0ED92B1FE7ABB9004084CE /* URPhonogramViewController.h */ = {isa = PBXFileReference; lastKnownFileType = sourcecode.c.h; path = URPhonogramViewController.h; sourceTree = "<group>"; };
		6E0ED92C1FE7ABB9004084CE /* URPhonogramViewController.m */ = {isa = PBXFileReference; lastKnownFileType = sourcecode.c.objc; path = URPhonogramViewController.m; sourceTree = "<group>"; };
		6E0ED92F1FE7B7C3004084CE /* URMarco.h */ = {isa = PBXFileReference; lastKnownFileType = sourcecode.c.h; path = URMarco.h; sourceTree = "<group>"; };
		6E0ED9301FE7B7C3004084CE /* URMarco.m */ = {isa = PBXFileReference; lastKnownFileType = sourcecode.c.objc; path = URMarco.m; sourceTree = "<group>"; };
		6EFC01F920070DDB00D44DA4 /* URConfigHelper.h */ = {isa = PBXFileReference; lastKnownFileType = sourcecode.c.h; path = URConfigHelper.h; sourceTree = "<group>"; };
		6EFC01FA20070DDB00D44DA4 /* URConfigHelper.m */ = {isa = PBXFileReference; lastKnownFileType = sourcecode.c.objc; path = URConfigHelper.m; sourceTree = "<group>"; };
		6EFC01FC200711A200D44DA4 /* URPhonogramService.h */ = {isa = PBXFileReference; lastKnownFileType = sourcecode.c.h; path = URPhonogramService.h; sourceTree = "<group>"; };
		6EFC01FD200711A200D44DA4 /* URPhonogramService.m */ = {isa = PBXFileReference; lastKnownFileType = sourcecode.c.objc; path = URPhonogramService.m; sourceTree = "<group>"; };
		6EFC020120075A0300D44DA4 /* URPhonogramType.h */ = {isa = PBXFileReference; lastKnownFileType = sourcecode.c.h; path = URPhonogramType.h; sourceTree = "<group>"; };
		6EFC020220075A0300D44DA4 /* URPhonogramType.m */ = {isa = PBXFileReference; lastKnownFileType = sourcecode.c.objc; path = URPhonogramType.m; sourceTree = "<group>"; };
		6EFC020420075A2100D44DA4 /* URPhonogramModel.h */ = {isa = PBXFileReference; lastKnownFileType = sourcecode.c.h; path = URPhonogramModel.h; sourceTree = "<group>"; };
		6EFC020520075A2100D44DA4 /* URPhonogramModel.m */ = {isa = PBXFileReference; lastKnownFileType = sourcecode.c.objc; path = URPhonogramModel.m; sourceTree = "<group>"; };
		6EFC02082007687E00D44DA4 /* NSDictionary+URUtil.h */ = {isa = PBXFileReference; lastKnownFileType = sourcecode.c.h; path = "NSDictionary+URUtil.h"; sourceTree = "<group>"; };
		6EFC02092007687E00D44DA4 /* NSDictionary+URUtil.m */ = {isa = PBXFileReference; lastKnownFileType = sourcecode.c.objc; path = "NSDictionary+URUtil.m"; sourceTree = "<group>"; };
		6EFC020E20085FA100D44DA4 /* Kana.config.geojson */ = {isa = PBXFileReference; fileEncoding = 4; lastKnownFileType = text; path = Kana.config.geojson; sourceTree = "<group>"; };
		6EFC0210200867E900D44DA4 /* URService.h */ = {isa = PBXFileReference; lastKnownFileType = sourcecode.c.h; path = URService.h; sourceTree = "<group>"; };
		6EFC0211200867E900D44DA4 /* URService.m */ = {isa = PBXFileReference; lastKnownFileType = sourcecode.c.objc; path = URService.m; sourceTree = "<group>"; };
		6EFC02132008926D00D44DA4 /* URSystemUtils.h */ = {isa = PBXFileReference; lastKnownFileType = sourcecode.c.h; path = URSystemUtils.h; sourceTree = "<group>"; };
		6EFC02142008926D00D44DA4 /* URSystemUtils.m */ = {isa = PBXFileReference; lastKnownFileType = sourcecode.c.objc; path = URSystemUtils.m; sourceTree = "<group>"; };
		6EFC02182008988D00D44DA4 /* URPhonogramItemCollectionViewCell.h */ = {isa = PBXFileReference; lastKnownFileType = sourcecode.c.h; path = URPhonogramItemCollectionViewCell.h; sourceTree = "<group>"; };
		6EFC02192008988D00D44DA4 /* URPhonogramItemCollectionViewCell.m */ = {isa = PBXFileReference; lastKnownFileType = sourcecode.c.objc; path = URPhonogramItemCollectionViewCell.m; sourceTree = "<group>"; };
		6EFC021C2008E9FE00D44DA4 /* URPhonogramView.h */ = {isa = PBXFileReference; lastKnownFileType = sourcecode.c.h; path = URPhonogramView.h; sourceTree = "<group>"; };
		6EFC021D2008E9FE00D44DA4 /* URPhonogramView.m */ = {isa = PBXFileReference; lastKnownFileType = sourcecode.c.objc; path = URPhonogramView.m; sourceTree = "<group>"; };
		9381816F9AE14E1BA79F2D55 /* Pods_URJapan.framework */ = {isa = PBXFileReference; explicitFileType = wrapper.framework; includeInIndex = 0; path = Pods_URJapan.framework; sourceTree = BUILT_PRODUCTS_DIR; };
		A01EE6441F69669B000E0A98 /* URJapan.app */ = {isa = PBXFileReference; explicitFileType = wrapper.application; includeInIndex = 0; path = URJapan.app; sourceTree = BUILT_PRODUCTS_DIR; };
		A01EE6481F69669B000E0A98 /* main.m */ = {isa = PBXFileReference; lastKnownFileType = sourcecode.c.objc; path = main.m; sourceTree = "<group>"; };
		A01EE64A1F69669B000E0A98 /* AppDelegate.h */ = {isa = PBXFileReference; lastKnownFileType = sourcecode.c.h; path = AppDelegate.h; sourceTree = "<group>"; };
		A01EE64B1F69669B000E0A98 /* AppDelegate.m */ = {isa = PBXFileReference; lastKnownFileType = sourcecode.c.objc; path = AppDelegate.m; sourceTree = "<group>"; };
		A01EE64D1F69669B000E0A98 /* ViewController.h */ = {isa = PBXFileReference; lastKnownFileType = sourcecode.c.h; path = ViewController.h; sourceTree = "<group>"; };
		A01EE64E1F69669B000E0A98 /* ViewController.m */ = {isa = PBXFileReference; lastKnownFileType = sourcecode.c.objc; path = ViewController.m; sourceTree = "<group>"; };
		A01EE6511F69669B000E0A98 /* Base */ = {isa = PBXFileReference; lastKnownFileType = file.storyboard; name = Base; path = Base.lproj/Main.storyboard; sourceTree = "<group>"; };
		A01EE6531F69669B000E0A98 /* Assets.xcassets */ = {isa = PBXFileReference; lastKnownFileType = folder.assetcatalog; path = Assets.xcassets; sourceTree = "<group>"; };
		A01EE6561F69669B000E0A98 /* Base */ = {isa = PBXFileReference; lastKnownFileType = file.storyboard; name = Base; path = Base.lproj/LaunchScreen.storyboard; sourceTree = "<group>"; };
		A01EE6581F69669B000E0A98 /* Info.plist */ = {isa = PBXFileReference; lastKnownFileType = text.plist.xml; path = Info.plist; sourceTree = "<group>"; };
		A01EE65D1F69669B000E0A98 /* URJapanTests.xctest */ = {isa = PBXFileReference; explicitFileType = wrapper.cfbundle; includeInIndex = 0; path = URJapanTests.xctest; sourceTree = BUILT_PRODUCTS_DIR; };
		A01EE6611F69669B000E0A98 /* URJapanTests.m */ = {isa = PBXFileReference; lastKnownFileType = sourcecode.c.objc; path = URJapanTests.m; sourceTree = "<group>"; };
		A01EE6631F69669B000E0A98 /* Info.plist */ = {isa = PBXFileReference; lastKnownFileType = text.plist.xml; path = Info.plist; sourceTree = "<group>"; };
		A05E8A151F6BCDC7009CF6EB /* URLogger.h */ = {isa = PBXFileReference; fileEncoding = 4; lastKnownFileType = sourcecode.c.h; path = URLogger.h; sourceTree = "<group>"; };
		A05E8A161F6BCDC7009CF6EB /* URLogger.m */ = {isa = PBXFileReference; fileEncoding = 4; lastKnownFileType = sourcecode.c.objc; path = URLogger.m; sourceTree = "<group>"; };
		A05E8A1B1F6BEDCC009CF6EB /* luanch.jpg */ = {isa = PBXFileReference; lastKnownFileType = image.jpeg; path = luanch.jpg; sourceTree = "<group>"; };
		A08092141F6C3A7D007CFAE2 /* URMainViewController.h */ = {isa = PBXFileReference; fileEncoding = 4; lastKnownFileType = sourcecode.c.h; path = URMainViewController.h; sourceTree = "<group>"; };
		A08092151F6C3A7D007CFAE2 /* URMainViewController.m */ = {isa = PBXFileReference; fileEncoding = 4; lastKnownFileType = sourcecode.c.objc; path = URMainViewController.m; sourceTree = "<group>"; };
		A08092181F6C3AC8007CFAE2 /* URSplashView.h */ = {isa = PBXFileReference; fileEncoding = 4; lastKnownFileType = sourcecode.c.h; path = URSplashView.h; sourceTree = "<group>"; };
		A08092191F6C3AC8007CFAE2 /* URSplashView.m */ = {isa = PBXFileReference; fileEncoding = 4; lastKnownFileType = sourcecode.c.objc; path = URSplashView.m; sourceTree = "<group>"; };
		A080921B1F6C3DA2007CFAE2 /* URCountDownBtn.h */ = {isa = PBXFileReference; fileEncoding = 4; lastKnownFileType = sourcecode.c.h; path = URCountDownBtn.h; sourceTree = "<group>"; };
		A080921C1F6C3DA2007CFAE2 /* URCountDownBtn.m */ = {isa = PBXFileReference; fileEncoding = 4; lastKnownFileType = sourcecode.c.objc; path = URCountDownBtn.m; sourceTree = "<group>"; };
		CBC7219585B1F32692B4BB89 /* Pods-URJapan.release.xcconfig */ = {isa = PBXFileReference; includeInIndex = 1; lastKnownFileType = text.xcconfig; name = "Pods-URJapan.release.xcconfig"; path = "Pods/Target Support Files/Pods-URJapan/Pods-URJapan.release.xcconfig"; sourceTree = "<group>"; };
/* End PBXFileReference section */

/* Begin PBXFrameworksBuildPhase section */
		A01EE6411F69669B000E0A98 /* Frameworks */ = {
			isa = PBXFrameworksBuildPhase;
			buildActionMask = 2147483647;
			files = (
				47D4B3A3C783B62E311C2D88 /* Pods_URJapan.framework in Frameworks */,
			);
			runOnlyForDeploymentPostprocessing = 0;
		};
		A01EE65A1F69669B000E0A98 /* Frameworks */ = {
			isa = PBXFrameworksBuildPhase;
			buildActionMask = 2147483647;
			files = (
			);
			runOnlyForDeploymentPostprocessing = 0;
		};
/* End PBXFrameworksBuildPhase section */

/* Begin PBXGroup section */
		10431E20EFE284716EBD965F /* Frameworks */ = {
			isa = PBXGroup;
			children = (
				9381816F9AE14E1BA79F2D55 /* Pods_URJapan.framework */,
			);
			name = Frameworks;
			sourceTree = "<group>";
		};
		23B2B5D7BE75168C6F538DCB /* Pods */ = {
			isa = PBXGroup;
			children = (
				1DFBB5F6EC1D97CA7584E8ED /* Pods-URJapan.debug.xcconfig */,
				CBC7219585B1F32692B4BB89 /* Pods-URJapan.release.xcconfig */,
			);
			name = Pods;
			sourceTree = "<group>";
		};
		6E0ED9241FE79784004084CE /* Controller */ = {
			isa = PBXGroup;
			children = (
				6E0ED92A1FE7ABA4004084CE /* Phonogram */,
				6E0ED9251FE797A3004084CE /* MainPage */,
			);
			path = Controller;
			sourceTree = "<group>";
		};
		6E0ED9251FE797A3004084CE /* MainPage */ = {
			isa = PBXGroup;
			children = (
				6E0ED9261FE797B5004084CE /* URMainPageViewController.h */,
				6E0ED9271FE797B5004084CE /* URMainPageViewController.m */,
			);
			path = MainPage;
			sourceTree = "<group>";
		};
		6E0ED92A1FE7ABA4004084CE /* Phonogram */ = {
			isa = PBXGroup;
			children = (
				6EFC021B2008E9E700D44DA4 /* View */,
				6E0ED92B1FE7ABB9004084CE /* URPhonogramViewController.h */,
				6E0ED92C1FE7ABB9004084CE /* URPhonogramViewController.m */,
				6EFC02182008988D00D44DA4 /* URPhonogramItemCollectionViewCell.h */,
				6EFC02192008988D00D44DA4 /* URPhonogramItemCollectionViewCell.m */,
			);
			path = Phonogram;
			sourceTree = "<group>";
		};
		6E2421411FDE374E00B5792B /* Config */ = {
			isa = PBXGroup;
			children = (
				6EFC020E20085FA100D44DA4 /* Kana.config.geojson */,
				6E0ED92F1FE7B7C3004084CE /* URMarco.h */,
				6E0ED9301FE7B7C3004084CE /* URMarco.m */,
			);
			path = Config;
			sourceTree = "<group>";
		};
		6E2421421FDE378000B5792B /* Logic */ = {
			isa = PBXGroup;
			children = (
				6EFC01FC200711A200D44DA4 /* URPhonogramService.h */,
				6EFC01FD200711A200D44DA4 /* URPhonogramService.m */,
				6EFC0210200867E900D44DA4 /* URService.h */,
				6EFC0211200867E900D44DA4 /* URService.m */,
			);
			path = Logic;
			sourceTree = "<group>";
		};
		6E2421431FDE378B00B5792B /* Module */ = {
			isa = PBXGroup;
			children = (
				6EFC020120075A0300D44DA4 /* URPhonogramType.h */,
				6EFC020220075A0300D44DA4 /* URPhonogramType.m */,
				6EFC020420075A2100D44DA4 /* URPhonogramModel.h */,
				6EFC020520075A2100D44DA4 /* URPhonogramModel.m */,
			);
			path = Module;
			sourceTree = "<group>";
		};
		6EFC0207200764D900D44DA4 /* Category */ = {
			isa = PBXGroup;
			children = (
				6EFC02082007687E00D44DA4 /* NSDictionary+URUtil.h */,
				6EFC02092007687E00D44DA4 /* NSDictionary+URUtil.m */,
			);
			path = Category;
			sourceTree = "<group>";
		};
		6EFC021B2008E9E700D44DA4 /* View */ = {
			isa = PBXGroup;
			children = (
				6EFC021C2008E9FE00D44DA4 /* URPhonogramView.h */,
				6EFC021D2008E9FE00D44DA4 /* URPhonogramView.m */,
			);
			path = View;
			sourceTree = "<group>";
		};
		A01EE63B1F69669B000E0A98 = {
			isa = PBXGroup;
			children = (
				A01EE6461F69669B000E0A98 /* URJapan */,
				A01EE6601F69669B000E0A98 /* URJapanTests */,
				A01EE6451F69669B000E0A98 /* Products */,
				23B2B5D7BE75168C6F538DCB /* Pods */,
				10431E20EFE284716EBD965F /* Frameworks */,
			);
			sourceTree = "<group>";
		};
		A01EE6451F69669B000E0A98 /* Products */ = {
			isa = PBXGroup;
			children = (
				A01EE6441F69669B000E0A98 /* URJapan.app */,
				A01EE65D1F69669B000E0A98 /* URJapanTests.xctest */,
			);
			name = Products;
			sourceTree = "<group>";
		};
		A01EE6461F69669B000E0A98 /* URJapan */ = {
			isa = PBXGroup;
			children = (
				6E0ED9241FE79784004084CE /* Controller */,
				6E2421431FDE378B00B5792B /* Module */,
				6E2421421FDE378000B5792B /* Logic */,
				6E2421411FDE374E00B5792B /* Config */,
				A05E8A1A1F6BEDCC009CF6EB /* Resource */,
				A05E8A121F6BCD72009CF6EB /* Utils */,
				A05E8A131F6BCD72009CF6EB /* vender */,
				A05E8A141F6BCD73009CF6EB /* View */,
				A01EE64A1F69669B000E0A98 /* AppDelegate.h */,
				A01EE64B1F69669B000E0A98 /* AppDelegate.m */,
				A01EE64D1F69669B000E0A98 /* ViewController.h */,
				A01EE64E1F69669B000E0A98 /* ViewController.m */,
				A01EE6501F69669B000E0A98 /* Main.storyboard */,
				A01EE6531F69669B000E0A98 /* Assets.xcassets */,
				A01EE6551F69669B000E0A98 /* LaunchScreen.storyboard */,
				A01EE6581F69669B000E0A98 /* Info.plist */,
				A01EE6471F69669B000E0A98 /* Supporting Files */,
			);
			path = URJapan;
			sourceTree = "<group>";
		};
		A01EE6471F69669B000E0A98 /* Supporting Files */ = {
			isa = PBXGroup;
			children = (
				A01EE6481F69669B000E0A98 /* main.m */,
			);
			name = "Supporting Files";
			sourceTree = "<group>";
		};
		A01EE6601F69669B000E0A98 /* URJapanTests */ = {
			isa = PBXGroup;
			children = (
				A01EE6611F69669B000E0A98 /* URJapanTests.m */,
				A01EE6631F69669B000E0A98 /* Info.plist */,
			);
			path = URJapanTests;
			sourceTree = "<group>";
		};
		A05E8A121F6BCD72009CF6EB /* Utils */ = {
			isa = PBXGroup;
			children = (
				6EFC0207200764D900D44DA4 /* Category */,
				A080921B1F6C3DA2007CFAE2 /* URCountDownBtn.h */,
				A080921C1F6C3DA2007CFAE2 /* URCountDownBtn.m */,
				6EFC01F920070DDB00D44DA4 /* URConfigHelper.h */,
				6EFC01FA20070DDB00D44DA4 /* URConfigHelper.m */,
				6EFC02132008926D00D44DA4 /* URSystemUtils.h */,
				6EFC02142008926D00D44DA4 /* URSystemUtils.m */,
			);
			path = Utils;
			sourceTree = "<group>";
		};
		A05E8A131F6BCD72009CF6EB /* vender */ = {
			isa = PBXGroup;
			children = (
				A05E8A151F6BCDC7009CF6EB /* URLogger.h */,
				A05E8A161F6BCDC7009CF6EB /* URLogger.m */,
			);
			path = vender;
			sourceTree = "<group>";
		};
		A05E8A141F6BCD73009CF6EB /* View */ = {
			isa = PBXGroup;
			children = (
				A08092171F6C3ABA007CFAE2 /* Splash */,
				A08092131F6C3A7D007CFAE2 /* Main */,
			);
			path = View;
			sourceTree = "<group>";
		};
		A05E8A1A1F6BEDCC009CF6EB /* Resource */ = {
			isa = PBXGroup;
			children = (
				A05E8A1B1F6BEDCC009CF6EB /* luanch.jpg */,
			);
			path = Resource;
			sourceTree = "<group>";
		};
		A08092131F6C3A7D007CFAE2 /* Main */ = {
			isa = PBXGroup;
			children = (
				A08092141F6C3A7D007CFAE2 /* URMainViewController.h */,
				A08092151F6C3A7D007CFAE2 /* URMainViewController.m */,
			);
			path = Main;
			sourceTree = "<group>";
		};
		A08092171F6C3ABA007CFAE2 /* Splash */ = {
			isa = PBXGroup;
			children = (
				A08092181F6C3AC8007CFAE2 /* URSplashView.h */,
				A08092191F6C3AC8007CFAE2 /* URSplashView.m */,
			);
			path = Splash;
			sourceTree = "<group>";
		};
/* End PBXGroup section */

/* Begin PBXNativeTarget section */
		A01EE6431F69669B000E0A98 /* URJapan */ = {
			isa = PBXNativeTarget;
			buildConfigurationList = A01EE6661F69669B000E0A98 /* Build configuration list for PBXNativeTarget "URJapan" */;
			buildPhases = (
				2AFEA6877532289074452CEA /* [CP] Check Pods Manifest.lock */,
				A01EE6401F69669B000E0A98 /* Sources */,
				A01EE6411F69669B000E0A98 /* Frameworks */,
				A01EE6421F69669B000E0A98 /* Resources */,
				FFD4CA2FDE94FDE22AD27372 /* [CP] Embed Pods Frameworks */,
				FC745578EDC039AA07BF2397 /* [CP] Copy Pods Resources */,
			);
			buildRules = (
			);
			dependencies = (
			);
			name = URJapan;
			productName = URJapan;
			productReference = A01EE6441F69669B000E0A98 /* URJapan.app */;
			productType = "com.apple.product-type.application";
		};
		A01EE65C1F69669B000E0A98 /* URJapanTests */ = {
			isa = PBXNativeTarget;
			buildConfigurationList = A01EE6691F69669B000E0A98 /* Build configuration list for PBXNativeTarget "URJapanTests" */;
			buildPhases = (
				A01EE6591F69669B000E0A98 /* Sources */,
				A01EE65A1F69669B000E0A98 /* Frameworks */,
				A01EE65B1F69669B000E0A98 /* Resources */,
			);
			buildRules = (
			);
			dependencies = (
				A01EE65F1F69669B000E0A98 /* PBXTargetDependency */,
			);
			name = URJapanTests;
			productName = URJapanTests;
			productReference = A01EE65D1F69669B000E0A98 /* URJapanTests.xctest */;
			productType = "com.apple.product-type.bundle.unit-test";
		};
/* End PBXNativeTarget section */

/* Begin PBXProject section */
		A01EE63C1F69669B000E0A98 /* Project object */ = {
			isa = PBXProject;
			attributes = {
				LastUpgradeCheck = 0830;
				ORGANIZATIONNAME = URWY;
				TargetAttributes = {
					A01EE6431F69669B000E0A98 = {
						CreatedOnToolsVersion = 8.3.3;
						DevelopmentTeam = PJD5F25QWG;
						ProvisioningStyle = Automatic;
					};
					A01EE65C1F69669B000E0A98 = {
						CreatedOnToolsVersion = 8.3.3;
						DevelopmentTeam = PJD5F25QWG;
						ProvisioningStyle = Automatic;
						TestTargetID = A01EE6431F69669B000E0A98;
					};
				};
			};
			buildConfigurationList = A01EE63F1F69669B000E0A98 /* Build configuration list for PBXProject "URJapan" */;
			compatibilityVersion = "Xcode 3.2";
			developmentRegion = English;
			hasScannedForEncodings = 0;
			knownRegions = (
				en,
				Base,
			);
			mainGroup = A01EE63B1F69669B000E0A98;
			productRefGroup = A01EE6451F69669B000E0A98 /* Products */;
			projectDirPath = "";
			projectRoot = "";
			targets = (
				A01EE6431F69669B000E0A98 /* URJapan */,
				A01EE65C1F69669B000E0A98 /* URJapanTests */,
			);
		};
/* End PBXProject section */

/* Begin PBXResourcesBuildPhase section */
		A01EE6421F69669B000E0A98 /* Resources */ = {
			isa = PBXResourcesBuildPhase;
			buildActionMask = 2147483647;
			files = (
				A05E8A1C1F6BEDCC009CF6EB /* luanch.jpg in Resources */,
				A01EE6571F69669B000E0A98 /* LaunchScreen.storyboard in Resources */,
				A01EE6541F69669B000E0A98 /* Assets.xcassets in Resources */,
				A01EE6521F69669B000E0A98 /* Main.storyboard in Resources */,
				6EFC020F20085FA200D44DA4 /* Kana.config.geojson in Resources */,
			);
			runOnlyForDeploymentPostprocessing = 0;
		};
		A01EE65B1F69669B000E0A98 /* Resources */ = {
			isa = PBXResourcesBuildPhase;
			buildActionMask = 2147483647;
			files = (
			);
			runOnlyForDeploymentPostprocessing = 0;
		};
/* End PBXResourcesBuildPhase section */

/* Begin PBXShellScriptBuildPhase section */
		2AFEA6877532289074452CEA /* [CP] Check Pods Manifest.lock */ = {
			isa = PBXShellScriptBuildPhase;
			buildActionMask = 2147483647;
			files = (
			);
			inputPaths = (
				"${PODS_PODFILE_DIR_PATH}/Podfile.lock",
				"${PODS_ROOT}/Manifest.lock",
			);
			name = "[CP] Check Pods Manifest.lock";
			outputPaths = (
				"$(DERIVED_FILE_DIR)/Pods-URJapan-checkManifestLockResult.txt",
			);
			runOnlyForDeploymentPostprocessing = 0;
			shellPath = /bin/sh;
			shellScript = "diff \"${PODS_PODFILE_DIR_PATH}/Podfile.lock\" \"${PODS_ROOT}/Manifest.lock\" > /dev/null\nif [ $? != 0 ] ; then\n    # print error to STDERR\n    echo \"error: The sandbox is not in sync with the Podfile.lock. Run 'pod install' or update your CocoaPods installation.\" >&2\n    exit 1\nfi\n# This output is used by Xcode 'outputs' to avoid re-running this script phase.\necho \"SUCCESS\" > \"${SCRIPT_OUTPUT_FILE_0}\"\n";
			showEnvVarsInLog = 0;
		};
		FC745578EDC039AA07BF2397 /* [CP] Copy Pods Resources */ = {
			isa = PBXShellScriptBuildPhase;
			buildActionMask = 2147483647;
			files = (
			);
			inputPaths = (
			);
			name = "[CP] Copy Pods Resources";
			outputPaths = (
			);
			runOnlyForDeploymentPostprocessing = 0;
			shellPath = /bin/sh;
			shellScript = "\"${SRCROOT}/Pods/Target Support Files/Pods-URJapan/Pods-URJapan-resources.sh\"\n";
			showEnvVarsInLog = 0;
		};
		FFD4CA2FDE94FDE22AD27372 /* [CP] Embed Pods Frameworks */ = {
			isa = PBXShellScriptBuildPhase;
			buildActionMask = 2147483647;
			files = (
			);
			inputPaths = (
				"${SRCROOT}/Pods/Target Support Files/Pods-URJapan/Pods-URJapan-frameworks.sh",
				"${BUILT_PRODUCTS_DIR}/AFNetworking/AFNetworking.framework",
				"${BUILT_PRODUCTS_DIR}/AppleReachability/AppleReachability.framework",
				"${BUILT_PRODUCTS_DIR}/CocoaLumberjack/CocoaLumberjack.framework",
				"${BUILT_PRODUCTS_DIR}/FMDB/FMDB.framework",
				"${BUILT_PRODUCTS_DIR}/Masonry/Masonry.framework",
				"${BUILT_PRODUCTS_DIR}/SSZipArchive/SSZipArchive.framework",
				"${BUILT_PRODUCTS_DIR}/SVPullToRefresh/SVPullToRefresh.framework",
			);
			name = "[CP] Embed Pods Frameworks";
			outputPaths = (
				"${TARGET_BUILD_DIR}/${FRAMEWORKS_FOLDER_PATH}/AFNetworking.framework",
				"${TARGET_BUILD_DIR}/${FRAMEWORKS_FOLDER_PATH}/AppleReachability.framework",
				"${TARGET_BUILD_DIR}/${FRAMEWORKS_FOLDER_PATH}/CocoaLumberjack.framework",
				"${TARGET_BUILD_DIR}/${FRAMEWORKS_FOLDER_PATH}/FMDB.framework",
				"${TARGET_BUILD_DIR}/${FRAMEWORKS_FOLDER_PATH}/Masonry.framework",
				"${TARGET_BUILD_DIR}/${FRAMEWORKS_FOLDER_PATH}/SSZipArchive.framework",
				"${TARGET_BUILD_DIR}/${FRAMEWORKS_FOLDER_PATH}/SVPullToRefresh.framework",
			);
			runOnlyForDeploymentPostprocessing = 0;
			shellPath = /bin/sh;
			shellScript = "\"${SRCROOT}/Pods/Target Support Files/Pods-URJapan/Pods-URJapan-frameworks.sh\"\n";
			showEnvVarsInLog = 0;
		};
/* End PBXShellScriptBuildPhase section */

/* Begin PBXSourcesBuildPhase section */
		A01EE6401F69669B000E0A98 /* Sources */ = {
			isa = PBXSourcesBuildPhase;
			buildActionMask = 2147483647;
			files = (
				6EFC020620075A2100D44DA4 /* URPhonogramModel.m in Sources */,
				A05E8A171F6BCDC7009CF6EB /* URLogger.m in Sources */,
				A08092161F6C3A7D007CFAE2 /* URMainViewController.m in Sources */,
				A080921A1F6C3AC8007CFAE2 /* URSplashView.m in Sources */,
				6EFC021A2008988D00D44DA4 /* URPhonogramItemCollectionViewCell.m in Sources */,
				6EFC020320075A0300D44DA4 /* URPhonogramType.m in Sources */,
				6EFC020A2007687E00D44DA4 /* NSDictionary+URUtil.m in Sources */,
				6E0ED92D1FE7ABB9004084CE /* URPhonogramViewController.m in Sources */,
				A01EE64F1F69669B000E0A98 /* ViewController.m in Sources */,
				6EFC021E2008E9FE00D44DA4 /* URPhonogramView.m in Sources */,
				A01EE64C1F69669B000E0A98 /* AppDelegate.m in Sources */,
				6EFC02152008926D00D44DA4 /* URSystemUtils.m in Sources */,
				6EFC01FB20070DDB00D44DA4 /* URConfigHelper.m in Sources */,
				6E0ED9281FE797B5004084CE /* URMainPageViewController.m in Sources */,
				6E0ED9311FE7B7C3004084CE /* URMarco.m in Sources */,
				A080921D1F6C3DA2007CFAE2 /* URCountDownBtn.m in Sources */,
				6EFC01FE200711A200D44DA4 /* URPhonogramService.m in Sources */,
				6EFC0212200867E900D44DA4 /* URService.m in Sources */,
				A01EE6491F69669B000E0A98 /* main.m in Sources */,
			);
			runOnlyForDeploymentPostprocessing = 0;
		};
		A01EE6591F69669B000E0A98 /* Sources */ = {
			isa = PBXSourcesBuildPhase;
			buildActionMask = 2147483647;
			files = (
				A01EE6621F69669B000E0A98 /* URJapanTests.m in Sources */,
			);
			runOnlyForDeploymentPostprocessing = 0;
		};
/* End PBXSourcesBuildPhase section */

/* Begin PBXTargetDependency section */
		A01EE65F1F69669B000E0A98 /* PBXTargetDependency */ = {
			isa = PBXTargetDependency;
			target = A01EE6431F69669B000E0A98 /* URJapan */;
			targetProxy = A01EE65E1F69669B000E0A98 /* PBXContainerItemProxy */;
		};
/* End PBXTargetDependency section */

/* Begin PBXVariantGroup section */
		A01EE6501F69669B000E0A98 /* Main.storyboard */ = {
			isa = PBXVariantGroup;
			children = (
				A01EE6511F69669B000E0A98 /* Base */,
			);
			name = Main.storyboard;
			sourceTree = "<group>";
		};
		A01EE6551F69669B000E0A98 /* LaunchScreen.storyboard */ = {
			isa = PBXVariantGroup;
			children = (
				A01EE6561F69669B000E0A98 /* Base */,
			);
			name = LaunchScreen.storyboard;
			sourceTree = "<group>";
		};
/* End PBXVariantGroup section */

/* Begin XCBuildConfiguration section */
		A01EE6641F69669B000E0A98 /* Debug */ = {
			isa = XCBuildConfiguration;
			buildSettings = {
				ALWAYS_SEARCH_USER_PATHS = NO;
				CLANG_ANALYZER_NONNULL = YES;
				CLANG_ANALYZER_NUMBER_OBJECT_CONVERSION = YES_AGGRESSIVE;
				CLANG_CXX_LANGUAGE_STANDARD = "gnu++0x";
				CLANG_CXX_LIBRARY = "libc++";
				CLANG_ENABLE_MODULES = YES;
				CLANG_ENABLE_OBJC_ARC = YES;
				CLANG_WARN_BOOL_CONVERSION = YES;
				CLANG_WARN_CONSTANT_CONVERSION = YES;
				CLANG_WARN_DIRECT_OBJC_ISA_USAGE = YES_ERROR;
				CLANG_WARN_DOCUMENTATION_COMMENTS = YES;
				CLANG_WARN_EMPTY_BODY = YES;
				CLANG_WARN_ENUM_CONVERSION = YES;
				CLANG_WARN_INFINITE_RECURSION = YES;
				CLANG_WARN_INT_CONVERSION = YES;
				CLANG_WARN_OBJC_ROOT_CLASS = YES_ERROR;
				CLANG_WARN_SUSPICIOUS_MOVE = YES;
				CLANG_WARN_UNREACHABLE_CODE = YES;
				CLANG_WARN__DUPLICATE_METHOD_MATCH = YES;
				"CODE_SIGN_IDENTITY[sdk=iphoneos*]" = "iPhone Developer";
				COPY_PHASE_STRIP = NO;
				DEBUG_INFORMATION_FORMAT = dwarf;
				ENABLE_STRICT_OBJC_MSGSEND = YES;
				ENABLE_TESTABILITY = YES;
				GCC_C_LANGUAGE_STANDARD = gnu99;
				GCC_DYNAMIC_NO_PIC = NO;
				GCC_NO_COMMON_BLOCKS = YES;
				GCC_OPTIMIZATION_LEVEL = 0;
				GCC_PREPROCESSOR_DEFINITIONS = (
					"DEBUG=1",
					"$(inherited)",
				);
				GCC_WARN_64_TO_32_BIT_CONVERSION = YES;
				GCC_WARN_ABOUT_RETURN_TYPE = YES_ERROR;
				GCC_WARN_UNDECLARED_SELECTOR = YES;
				GCC_WARN_UNINITIALIZED_AUTOS = YES_AGGRESSIVE;
				GCC_WARN_UNUSED_FUNCTION = YES;
				GCC_WARN_UNUSED_VARIABLE = YES;
				IPHONEOS_DEPLOYMENT_TARGET = 10.3;
				MTL_ENABLE_DEBUG_INFO = YES;
				ONLY_ACTIVE_ARCH = YES;
				SDKROOT = iphoneos;
				TARGETED_DEVICE_FAMILY = "1,2";
			};
			name = Debug;
		};
		A01EE6651F69669B000E0A98 /* Release */ = {
			isa = XCBuildConfiguration;
			buildSettings = {
				ALWAYS_SEARCH_USER_PATHS = NO;
				CLANG_ANALYZER_NONNULL = YES;
				CLANG_ANALYZER_NUMBER_OBJECT_CONVERSION = YES_AGGRESSIVE;
				CLANG_CXX_LANGUAGE_STANDARD = "gnu++0x";
				CLANG_CXX_LIBRARY = "libc++";
				CLANG_ENABLE_MODULES = YES;
				CLANG_ENABLE_OBJC_ARC = YES;
				CLANG_WARN_BOOL_CONVERSION = YES;
				CLANG_WARN_CONSTANT_CONVERSION = YES;
				CLANG_WARN_DIRECT_OBJC_ISA_USAGE = YES_ERROR;
				CLANG_WARN_DOCUMENTATION_COMMENTS = YES;
				CLANG_WARN_EMPTY_BODY = YES;
				CLANG_WARN_ENUM_CONVERSION = YES;
				CLANG_WARN_INFINITE_RECURSION = YES;
				CLANG_WARN_INT_CONVERSION = YES;
				CLANG_WARN_OBJC_ROOT_CLASS = YES_ERROR;
				CLANG_WARN_SUSPICIOUS_MOVE = YES;
				CLANG_WARN_UNREACHABLE_CODE = YES;
				CLANG_WARN__DUPLICATE_METHOD_MATCH = YES;
				"CODE_SIGN_IDENTITY[sdk=iphoneos*]" = "iPhone Developer";
				COPY_PHASE_STRIP = NO;
				DEBUG_INFORMATION_FORMAT = "dwarf-with-dsym";
				ENABLE_NS_ASSERTIONS = NO;
				ENABLE_STRICT_OBJC_MSGSEND = YES;
				GCC_C_LANGUAGE_STANDARD = gnu99;
				GCC_NO_COMMON_BLOCKS = YES;
				GCC_WARN_64_TO_32_BIT_CONVERSION = YES;
				GCC_WARN_ABOUT_RETURN_TYPE = YES_ERROR;
				GCC_WARN_UNDECLARED_SELECTOR = YES;
				GCC_WARN_UNINITIALIZED_AUTOS = YES_AGGRESSIVE;
				GCC_WARN_UNUSED_FUNCTION = YES;
				GCC_WARN_UNUSED_VARIABLE = YES;
				IPHONEOS_DEPLOYMENT_TARGET = 10.3;
				MTL_ENABLE_DEBUG_INFO = NO;
				SDKROOT = iphoneos;
				TARGETED_DEVICE_FAMILY = "1,2";
				VALIDATE_PRODUCT = YES;
			};
			name = Release;
		};
		A01EE6671F69669B000E0A98 /* Debug */ = {
			isa = XCBuildConfiguration;
			baseConfigurationReference = 1DFBB5F6EC1D97CA7584E8ED /* Pods-URJapan.debug.xcconfig */;
			buildSettings = {
				ASSETCATALOG_COMPILER_APPICON_NAME = AppIcon;
				ASSETCATALOG_COMPILER_LAUNCHIMAGE_NAME = LaunchImage;
				DEVELOPMENT_TEAM = PJD5F25QWG;
				INFOPLIST_FILE = URJapan/Info.plist;
				IPHONEOS_DEPLOYMENT_TARGET = 9.0;
				LD_RUNPATH_SEARCH_PATHS = "$(inherited) @executable_path/Frameworks";
				PRODUCT_BUNDLE_IDENTIFIER = com.urwy.URJapan;
				PRODUCT_NAME = "$(TARGET_NAME)";
				VALID_ARCHS = arm64;
			};
			name = Debug;
		};
		A01EE6681F69669B000E0A98 /* Release */ = {
			isa = XCBuildConfiguration;
			baseConfigurationReference = CBC7219585B1F32692B4BB89 /* Pods-URJapan.release.xcconfig */;
			buildSettings = {
				ASSETCATALOG_COMPILER_APPICON_NAME = AppIcon;
				ASSETCATALOG_COMPILER_LAUNCHIMAGE_NAME = LaunchImage;
				DEVELOPMENT_TEAM = PJD5F25QWG;
				INFOPLIST_FILE = URJapan/Info.plist;
				IPHONEOS_DEPLOYMENT_TARGET = 9.0;
				LD_RUNPATH_SEARCH_PATHS = "$(inherited) @executable_path/Frameworks";
				PRODUCT_BUNDLE_IDENTIFIER = com.urwy.URJapan;
				PRODUCT_NAME = "$(TARGET_NAME)";
				VALID_ARCHS = arm64;
			};
			name = Release;
		};
		A01EE66A1F69669B000E0A98 /* Debug */ = {
			isa = XCBuildConfiguration;
			buildSettings = {
				BUNDLE_LOADER = "$(TEST_HOST)";
				DEVELOPMENT_TEAM = PJD5F25QWG;
				INFOPLIST_FILE = URJapanTests/Info.plist;
				LD_RUNPATH_SEARCH_PATHS = "$(inherited) @executable_path/Frameworks @loader_path/Frameworks";
				PRODUCT_BUNDLE_IDENTIFIER = com.urwy.URJapanTests;
				PRODUCT_NAME = "$(TARGET_NAME)";
				TEST_HOST = "$(BUILT_PRODUCTS_DIR)/URJapan.app/URJapan";
			};
			name = Debug;
		};
		A01EE66B1F69669B000E0A98 /* Release */ = {
			isa = XCBuildConfiguration;
			buildSettings = {
				BUNDLE_LOADER = "$(TEST_HOST)";
				DEVELOPMENT_TEAM = PJD5F25QWG;
				INFOPLIST_FILE = URJapanTests/Info.plist;
				LD_RUNPATH_SEARCH_PATHS = "$(inherited) @executable_path/Frameworks @loader_path/Frameworks";
				PRODUCT_BUNDLE_IDENTIFIER = com.urwy.URJapanTests;
				PRODUCT_NAME = "$(TARGET_NAME)";
				TEST_HOST = "$(BUILT_PRODUCTS_DIR)/URJapan.app/URJapan";
			};
			name = Release;
		};
/* End XCBuildConfiguration section */

/* Begin XCConfigurationList section */
		A01EE63F1F69669B000E0A98 /* Build configuration list for PBXProject "URJapan" */ = {
			isa = XCConfigurationList;
			buildConfigurations = (
				A01EE6641F69669B000E0A98 /* Debug */,
				A01EE6651F69669B000E0A98 /* Release */,
			);
			defaultConfigurationIsVisible = 0;
			defaultConfigurationName = Release;
		};
		A01EE6661F69669B000E0A98 /* Build configuration list for PBXNativeTarget "URJapan" */ = {
			isa = XCConfigurationList;
			buildConfigurations = (
				A01EE6671F69669B000E0A98 /* Debug */,
				A01EE6681F69669B000E0A98 /* Release */,
			);
			defaultConfigurationIsVisible = 0;
			defaultConfigurationName = Release;
		};
		A01EE6691F69669B000E0A98 /* Build configuration list for PBXNativeTarget "URJapanTests" */ = {
			isa = XCConfigurationList;
			buildConfigurations = (
				A01EE66A1F69669B000E0A98 /* Debug */,
				A01EE66B1F69669B000E0A98 /* Release */,
			);
			defaultConfigurationIsVisible = 0;
			defaultConfigurationName = Release;
		};
/* End XCConfigurationList section */
	};
	rootObject = A01EE63C1F69669B000E0A98 /* Project object */;
}
